
Microsoft Visual Studio Solution File, Format Version 12.00
# Visual Studio Version 17
VisualStudioVersion = 17.1.32414.318
MinimumVisualStudioVersion = 10.0.40219.1
Project("{FAE04EC0-301F-11D3-BF4B-00C04F79EFBC}") = "IS_Employee_Tracker", "IS_Employee_Tracker\IS_Employee_Tracker.csproj", "{331469BF-AC3F-4A49-8984-8CF5AF2F310D}"
EndProject
Global
	GlobalSection(SolutionConfigurationPlatforms) = preSolution
		Debug|Any CPU = Debug|Any CPU
		Release|Any CPU = Release|Any CPU
	EndGlobalSection
	GlobalSection(ProjectConfigurationPlatforms) = postSolution
		{331469BF-AC3F-4A49-8984-8CF5AF2F310D}.Debug|Any CPU.ActiveCfg = Debug|Any CPU
		{331469BF-AC3F-4A49-8984-8CF5AF2F310D}.Debug|Any CPU.Build.0 = Debug|Any CPU
		{331469BF-AC3F-4A49-8984-8CF5AF2F310D}.Release|Any CPU.ActiveCfg = Release|Any CPU
		{331469BF-AC3F-4A49-8984-8CF5AF2F310D}.Release|Any CPU.Build.0 = Release|Any CPU
	EndGlobalSection
	GlobalSection(SolutionProperties) = preSolution
		HideSolutionNode = FALSE
	EndGlobalSection
	GlobalSection(ExtensibilityGlobals) = postSolution
		SolutionGuid = {90900EC5-2BC5-4B60-8C16-3D8A3A985CED}
	EndGlobalSection
EndGlobal
